
Microsoft Visual Studio Solution File, Format Version 12.00
# Visual Studio Version 16
VisualStudioVersion = 16.0.31729.503
MinimumVisualStudioVersion = 10.0.40219.1
Project("{FAE04EC0-301F-11D3-BF4B-00C04F79EFBC}") = "ex3", "ex3.csproj", "{B3D55AF0-A1AF-4147-B6A5-FF6E8BACD732}"
EndProject
Global
	GlobalSection(SolutionConfigurationPlatforms) = preSolution
		Debug|Any CPU = Debug|Any CPU
		Release|Any CPU = Release|Any CPU
	EndGlobalSection
	GlobalSection(ProjectConfigurationPlatforms) = postSolution
		{B3D55AF0-A1AF-4147-B6A5-FF6E8BACD732}.Debug|Any CPU.ActiveCfg = Debug|Any CPU
		{B3D55AF0-A1AF-4147-B6A5-FF6E8BACD732}.Debug|Any CPU.Build.0 = Debug|Any CPU
		{B3D55AF0-A1AF-4147-B6A5-FF6E8BACD732}.Release|Any CPU.ActiveCfg = Release|Any CPU
		{B3D55AF0-A1AF-4147-B6A5-FF6E8BACD732}.Release|Any CPU.Build.0 = Release|Any CPU
	EndGlobalSection
	GlobalSection(SolutionProperties) = preSolution
		HideSolutionNode = FALSE
	EndGlobalSection
	GlobalSection(ExtensibilityGlobals) = postSolution
		SolutionGuid = {76C7DE36-5B0A-4CDA-85C0-20A4014C6E0A}
	EndGlobalSection
EndGlobal
