
Microsoft Visual Studio Solution File, Format Version 12.00
# Visual Studio Version 16
VisualStudioVersion = 16.0.31729.503
MinimumVisualStudioVersion = 10.0.40219.1
Project("{FAE04EC0-301F-11D3-BF4B-00C04F79EFBC}") = "ex4", "ex4.csproj", "{07F9A9A7-2F0E-4473-8201-AB9778D41E29}"
EndProject
Global
	GlobalSection(SolutionConfigurationPlatforms) = preSolution
		Debug|Any CPU = Debug|Any CPU
		Release|Any CPU = Release|Any CPU
	EndGlobalSection
	GlobalSection(ProjectConfigurationPlatforms) = postSolution
		{07F9A9A7-2F0E-4473-8201-AB9778D41E29}.Debug|Any CPU.ActiveCfg = Debug|Any CPU
		{07F9A9A7-2F0E-4473-8201-AB9778D41E29}.Debug|Any CPU.Build.0 = Debug|Any CPU
		{07F9A9A7-2F0E-4473-8201-AB9778D41E29}.Release|Any CPU.ActiveCfg = Release|Any CPU
		{07F9A9A7-2F0E-4473-8201-AB9778D41E29}.Release|Any CPU.Build.0 = Release|Any CPU
	EndGlobalSection
	GlobalSection(SolutionProperties) = preSolution
		HideSolutionNode = FALSE
	EndGlobalSection
	GlobalSection(ExtensibilityGlobals) = postSolution
		SolutionGuid = {F61A2C72-DC5C-4494-9DFF-151A0648ED93}
	EndGlobalSection
EndGlobal
